
Microsoft Visual Studio Solution File, Format Version 12.00
# Visual Studio Version 17
VisualStudioVersion = 17.1.32210.238
MinimumVisualStudioVersion = 10.0.40219.1
Project("{2150E333-8FDC-42A3-9474-1A3956D46DE8}") = "Services", "Services", "{BFC80B6C-7457-453F-B932-488BEFB7FEA8}"
EndProject
Project("{2150E333-8FDC-42A3-9474-1A3956D46DE8}") = "Catalog", "Catalog", "{A43DC2AA-DFA5-43BE-8430-9574630D7E44}"
EndProject
Project("{9A19103F-16F7-4668-BE54-9A1E7A4F7556}") = "Catalog.API", "Services\Catalog\Catalog.API\Catalog.API.csproj", "{A38DF684-60E5-429F-A3C5-090C6CDAE553}"
EndProject
Project("{E53339B2-1760-4266-BCC7-CA923CBCF16C}") = "docker-compose", "docker-compose.dcproj", "{BC093FE0-E88E-4C20-AC1A-0EA7780D6B69}"
EndProject
Project("{2150E333-8FDC-42A3-9474-1A3956D46DE8}") = "Basket", "Basket", "{18F59642-68BB-4FA9-9C25-371F86F56D03}"
EndProject
Project("{9A19103F-16F7-4668-BE54-9A1E7A4F7556}") = "Basket.API", "Services\Basket\Basket.API\Basket.API.csproj", "{71B64748-093D-4DA7-98F4-4F6169EB6E6C}"
EndProject
Project("{2150E333-8FDC-42A3-9474-1A3956D46DE8}") = "Discount", "Discount", "{C6E5AF01-28D4-4B02-958A-3292C87931C1}"
EndProject
Project("{9A19103F-16F7-4668-BE54-9A1E7A4F7556}") = "Discount.API", "Services\Discount\Discount.API\Discount.API.csproj", "{6825C7AF-6E18-40DD-B9D4-4B9E6F9A7DA4}"
EndProject
Project("{9A19103F-16F7-4668-BE54-9A1E7A4F7556}") = "Discount.GRPC", "Services\Discount\Discount.GRPC\Discount.GRPC.csproj", "{6E8D2054-D112-42A9-92B5-3D4DDC175C3C}"
EndProject
Project("{2150E333-8FDC-42A3-9474-1A3956D46DE8}") = "Ordering", "Ordering", "{4C32E67D-7ABF-4B5A-8FF9-F8379251ADEC}"
EndProject
Project("{9A19103F-16F7-4668-BE54-9A1E7A4F7556}") = "Ordering.API", "Services\Ordering\Ordering.API\Ordering.API.csproj", "{F46C9AB7-9F39-4446-9DB5-5E744B339E79}"
EndProject
Project("{9A19103F-16F7-4668-BE54-9A1E7A4F7556}") = "Ordering.Application", "Services\Ordering\Ordering.Application\Ordering.Application.csproj", "{9F2BEC82-055E-4AF0-8791-E58D9575BB34}"
EndProject
Project("{9A19103F-16F7-4668-BE54-9A1E7A4F7556}") = "Ordering.Domain", "Services\Ordering\Ordering.Domain\Ordering.Domain.csproj", "{2A25C98C-F5BC-4B5E-850F-D10C1BE10190}"
EndProject
Project("{9A19103F-16F7-4668-BE54-9A1E7A4F7556}") = "Ordering.Infrastructure", "Services\Ordering\Ordering.Infrastructure\Ordering.Infrastructure.csproj", "{BAB8F7DC-779D-4A24-A197-31147C7729F0}"
EndProject
Global
	GlobalSection(SolutionConfigurationPlatforms) = preSolution
		Debug|Any CPU = Debug|Any CPU
		Release|Any CPU = Release|Any CPU
	EndGlobalSection
	GlobalSection(ProjectConfigurationPlatforms) = postSolution
		{A38DF684-60E5-429F-A3C5-090C6CDAE553}.Debug|Any CPU.ActiveCfg = Debug|Any CPU
		{A38DF684-60E5-429F-A3C5-090C6CDAE553}.Debug|Any CPU.Build.0 = Debug|Any CPU
		{A38DF684-60E5-429F-A3C5-090C6CDAE553}.Release|Any CPU.ActiveCfg = Release|Any CPU
		{A38DF684-60E5-429F-A3C5-090C6CDAE553}.Release|Any CPU.Build.0 = Release|Any CPU
		{BC093FE0-E88E-4C20-AC1A-0EA7780D6B69}.Debug|Any CPU.ActiveCfg = Debug|Any CPU
		{BC093FE0-E88E-4C20-AC1A-0EA7780D6B69}.Debug|Any CPU.Build.0 = Debug|Any CPU
		{BC093FE0-E88E-4C20-AC1A-0EA7780D6B69}.Release|Any CPU.ActiveCfg = Release|Any CPU
		{BC093FE0-E88E-4C20-AC1A-0EA7780D6B69}.Release|Any CPU.Build.0 = Release|Any CPU
		{71B64748-093D-4DA7-98F4-4F6169EB6E6C}.Debug|Any CPU.ActiveCfg = Debug|Any CPU
		{71B64748-093D-4DA7-98F4-4F6169EB6E6C}.Debug|Any CPU.Build.0 = Debug|Any CPU
		{71B64748-093D-4DA7-98F4-4F6169EB6E6C}.Release|Any CPU.ActiveCfg = Release|Any CPU
		{71B64748-093D-4DA7-98F4-4F6169EB6E6C}.Release|Any CPU.Build.0 = Release|Any CPU
		{6825C7AF-6E18-40DD-B9D4-4B9E6F9A7DA4}.Debug|Any CPU.ActiveCfg = Debug|Any CPU
		{6825C7AF-6E18-40DD-B9D4-4B9E6F9A7DA4}.Debug|Any CPU.Build.0 = Debug|Any CPU
		{6825C7AF-6E18-40DD-B9D4-4B9E6F9A7DA4}.Release|Any CPU.ActiveCfg = Release|Any CPU
		{6825C7AF-6E18-40DD-B9D4-4B9E6F9A7DA4}.Release|Any CPU.Build.0 = Release|Any CPU
		{6E8D2054-D112-42A9-92B5-3D4DDC175C3C}.Debug|Any CPU.ActiveCfg = Debug|Any CPU
		{6E8D2054-D112-42A9-92B5-3D4DDC175C3C}.Debug|Any CPU.Build.0 = Debug|Any CPU
		{6E8D2054-D112-42A9-92B5-3D4DDC175C3C}.Release|Any CPU.ActiveCfg = Release|Any CPU
		{6E8D2054-D112-42A9-92B5-3D4DDC175C3C}.Release|Any CPU.Build.0 = Release|Any CPU
		{F46C9AB7-9F39-4446-9DB5-5E744B339E79}.Debug|Any CPU.ActiveCfg = Debug|Any CPU
		{F46C9AB7-9F39-4446-9DB5-5E744B339E79}.Debug|Any CPU.Build.0 = Debug|Any CPU
		{F46C9AB7-9F39-4446-9DB5-5E744B339E79}.Release|Any CPU.ActiveCfg = Release|Any CPU
		{F46C9AB7-9F39-4446-9DB5-5E744B339E79}.Release|Any CPU.Build.0 = Release|Any CPU
		{9F2BEC82-055E-4AF0-8791-E58D9575BB34}.Debug|Any CPU.ActiveCfg = Debug|Any CPU
		{9F2BEC82-055E-4AF0-8791-E58D9575BB34}.Debug|Any CPU.Build.0 = Debug|Any CPU
		{9F2BEC82-055E-4AF0-8791-E58D9575BB34}.Release|Any CPU.ActiveCfg = Release|Any CPU
		{9F2BEC82-055E-4AF0-8791-E58D9575BB34}.Release|Any CPU.Build.0 = Release|Any CPU
		{2A25C98C-F5BC-4B5E-850F-D10C1BE10190}.Debug|Any CPU.ActiveCfg = Debug|Any CPU
		{2A25C98C-F5BC-4B5E-850F-D10C1BE10190}.Debug|Any CPU.Build.0 = Debug|Any CPU
		{2A25C98C-F5BC-4B5E-850F-D10C1BE10190}.Release|Any CPU.ActiveCfg = Release|Any CPU
		{2A25C98C-F5BC-4B5E-850F-D10C1BE10190}.Release|Any CPU.Build.0 = Release|Any CPU
		{BAB8F7DC-779D-4A24-A197-31147C7729F0}.Debug|Any CPU.ActiveCfg = Debug|Any CPU
		{BAB8F7DC-779D-4A24-A197-31147C7729F0}.Debug|Any CPU.Build.0 = Debug|Any CPU
		{BAB8F7DC-779D-4A24-A197-31147C7729F0}.Release|Any CPU.ActiveCfg = Release|Any CPU
		{BAB8F7DC-779D-4A24-A197-31147C7729F0}.Release|Any CPU.Build.0 = Release|Any CPU
	EndGlobalSection
	GlobalSection(SolutionProperties) = preSolution
		HideSolutionNode = FALSE
	EndGlobalSection
	GlobalSection(NestedProjects) = preSolution
		{A43DC2AA-DFA5-43BE-8430-9574630D7E44} = {BFC80B6C-7457-453F-B932-488BEFB7FEA8}
		{A38DF684-60E5-429F-A3C5-090C6CDAE553} = {A43DC2AA-DFA5-43BE-8430-9574630D7E44}
		{18F59642-68BB-4FA9-9C25-371F86F56D03} = {BFC80B6C-7457-453F-B932-488BEFB7FEA8}
		{71B64748-093D-4DA7-98F4-4F6169EB6E6C} = {18F59642-68BB-4FA9-9C25-371F86F56D03}
		{C6E5AF01-28D4-4B02-958A-3292C87931C1} = {BFC80B6C-7457-453F-B932-488BEFB7FEA8}
		{6825C7AF-6E18-40DD-B9D4-4B9E6F9A7DA4} = {C6E5AF01-28D4-4B02-958A-3292C87931C1}
		{6E8D2054-D112-42A9-92B5-3D4DDC175C3C} = {C6E5AF01-28D4-4B02-958A-3292C87931C1}
		{4C32E67D-7ABF-4B5A-8FF9-F8379251ADEC} = {BFC80B6C-7457-453F-B932-488BEFB7FEA8}
		{F46C9AB7-9F39-4446-9DB5-5E744B339E79} = {4C32E67D-7ABF-4B5A-8FF9-F8379251ADEC}
		{9F2BEC82-055E-4AF0-8791-E58D9575BB34} = {4C32E67D-7ABF-4B5A-8FF9-F8379251ADEC}
		{2A25C98C-F5BC-4B5E-850F-D10C1BE10190} = {4C32E67D-7ABF-4B5A-8FF9-F8379251ADEC}
		{BAB8F7DC-779D-4A24-A197-31147C7729F0} = {4C32E67D-7ABF-4B5A-8FF9-F8379251ADEC}
	EndGlobalSection
	GlobalSection(ExtensibilityGlobals) = postSolution
		SolutionGuid = {0CC5B476-EC3D-4EE6-AE5A-D17E6174D302}
	EndGlobalSection
EndGlobal
